
Microsoft Visual Studio Solution File, Format Version 12.00
# Visual Studio Version 17
VisualStudioVersion = 17.11.35312.102
MinimumVisualStudioVersion = 10.0.40219.1
Project("{9A19103F-16F7-4668-BE54-9A1E7A4F7556}") = "Lab1", "Lab1\Lab1.csproj", "{F350CA44-68C6-415E-B425-FA941B14CEFD}"
EndProject
Project("{9A19103F-16F7-4668-BE54-9A1E7A4F7556}") = "Lab2", "Lab2\Lab2.csproj", "{4A56E728-69A8-4D35-A330-DF9B6073A827}"
EndProject
Project("{9A19103F-16F7-4668-BE54-9A1E7A4F7556}") = "Lab3", "Lab3\Lab3.csproj", "{BE2CD8EA-C7C2-446D-9735-42C5C4E47CE5}"
EndProject
Project("{9A19103F-16F7-4668-BE54-9A1E7A4F7556}") = "Lab4", "Lab4\Lab4.csproj", "{C593F9A3-53C2-4A0D-BB14-F52E018192F7}"
EndProject
Project("{9A19103F-16F7-4668-BE54-9A1E7A4F7556}") = "Lab5", "Lab5\Lab5.csproj", "{2F004F5B-D0EF-4C79-89CC-5A5984853592}"
EndProject
Project("{FAE04EC0-301F-11D3-BF4B-00C04F79EFBC}") = "Lab3.Library", "Lab3.Library\Lab3.Library.csproj", "{90431785-C44E-4CA7-ADA2-86961825F732}"
EndProject
Global
	GlobalSection(SolutionConfigurationPlatforms) = preSolution
		Debug|Any CPU = Debug|Any CPU
		Release|Any CPU = Release|Any CPU
	EndGlobalSection
	GlobalSection(ProjectConfigurationPlatforms) = postSolution
		{F350CA44-68C6-415E-B425-FA941B14CEFD}.Debug|Any CPU.ActiveCfg = Debug|Any CPU
		{F350CA44-68C6-415E-B425-FA941B14CEFD}.Debug|Any CPU.Build.0 = Debug|Any CPU
		{F350CA44-68C6-415E-B425-FA941B14CEFD}.Release|Any CPU.ActiveCfg = Release|Any CPU
		{F350CA44-68C6-415E-B425-FA941B14CEFD}.Release|Any CPU.Build.0 = Release|Any CPU
		{4A56E728-69A8-4D35-A330-DF9B6073A827}.Debug|Any CPU.ActiveCfg = Debug|Any CPU
		{4A56E728-69A8-4D35-A330-DF9B6073A827}.Debug|Any CPU.Build.0 = Debug|Any CPU
		{4A56E728-69A8-4D35-A330-DF9B6073A827}.Release|Any CPU.ActiveCfg = Release|Any CPU
		{4A56E728-69A8-4D35-A330-DF9B6073A827}.Release|Any CPU.Build.0 = Release|Any CPU
		{BE2CD8EA-C7C2-446D-9735-42C5C4E47CE5}.Debug|Any CPU.ActiveCfg = Debug|Any CPU
		{BE2CD8EA-C7C2-446D-9735-42C5C4E47CE5}.Debug|Any CPU.Build.0 = Debug|Any CPU
		{BE2CD8EA-C7C2-446D-9735-42C5C4E47CE5}.Release|Any CPU.ActiveCfg = Release|Any CPU
		{BE2CD8EA-C7C2-446D-9735-42C5C4E47CE5}.Release|Any CPU.Build.0 = Release|Any CPU
		{C593F9A3-53C2-4A0D-BB14-F52E018192F7}.Debug|Any CPU.ActiveCfg = Debug|Any CPU
		{C593F9A3-53C2-4A0D-BB14-F52E018192F7}.Debug|Any CPU.Build.0 = Debug|Any CPU
		{C593F9A3-53C2-4A0D-BB14-F52E018192F7}.Release|Any CPU.ActiveCfg = Release|Any CPU
		{C593F9A3-53C2-4A0D-BB14-F52E018192F7}.Release|Any CPU.Build.0 = Release|Any CPU
		{2F004F5B-D0EF-4C79-89CC-5A5984853592}.Debug|Any CPU.ActiveCfg = Debug|Any CPU
		{2F004F5B-D0EF-4C79-89CC-5A5984853592}.Debug|Any CPU.Build.0 = Debug|Any CPU
		{2F004F5B-D0EF-4C79-89CC-5A5984853592}.Release|Any CPU.ActiveCfg = Release|Any CPU
		{2F004F5B-D0EF-4C79-89CC-5A5984853592}.Release|Any CPU.Build.0 = Release|Any CPU
		{90431785-C44E-4CA7-ADA2-86961825F732}.Debug|Any CPU.ActiveCfg = Debug|Any CPU
		{90431785-C44E-4CA7-ADA2-86961825F732}.Debug|Any CPU.Build.0 = Debug|Any CPU
		{90431785-C44E-4CA7-ADA2-86961825F732}.Release|Any CPU.ActiveCfg = Release|Any CPU
		{90431785-C44E-4CA7-ADA2-86961825F732}.Release|Any CPU.Build.0 = Release|Any CPU
	EndGlobalSection
	GlobalSection(SolutionProperties) = preSolution
		HideSolutionNode = FALSE
	EndGlobalSection
	GlobalSection(ExtensibilityGlobals) = postSolution
		SolutionGuid = {15FBFF02-C921-47B0-8B3F-63BD79B3A2D8}
	EndGlobalSection
EndGlobal
