
Microsoft Visual Studio Solution File, Format Version 12.00
# Visual Studio Version 17
VisualStudioVersion = 17.11.35312.102
MinimumVisualStudioVersion = 10.0.40219.1
Project("{9A19103F-16F7-4668-BE54-9A1E7A4F7556}") = "Lab1", "Lab1\Lab1.csproj", "{F350CA44-68C6-415E-B425-FA941B14CEFD}"
EndProject
Global
	GlobalSection(SolutionConfigurationPlatforms) = preSolution
		Debug|Any CPU = Debug|Any CPU
		Release|Any CPU = Release|Any CPU
	EndGlobalSection
	GlobalSection(ProjectConfigurationPlatforms) = postSolution
		{F350CA44-68C6-415E-B425-FA941B14CEFD}.Debug|Any CPU.ActiveCfg = Debug|Any CPU
		{F350CA44-68C6-415E-B425-FA941B14CEFD}.Debug|Any CPU.Build.0 = Debug|Any CPU
		{F350CA44-68C6-415E-B425-FA941B14CEFD}.Release|Any CPU.ActiveCfg = Release|Any CPU
		{F350CA44-68C6-415E-B425-FA941B14CEFD}.Release|Any CPU.Build.0 = Release|Any CPU
	EndGlobalSection
	GlobalSection(SolutionProperties) = preSolution
		HideSolutionNode = FALSE
	EndGlobalSection
	GlobalSection(ExtensibilityGlobals) = postSolution
		SolutionGuid = {15FBFF02-C921-47B0-8B3F-63BD79B3A2D8}
	EndGlobalSection
EndGlobal
